// !$*UTF8*$!
{
	archiveVersion = 1;
	classes = {
	};
	objectVersion = 55;
	objects = {

/* Begin PBXBuildFile section */
		3D441BCF28231C7C00CD7953 /* BusinessSearch.swift in Sources */ = {isa = PBXBuildFile; fileRef = 3D441BCE28231C7C00CD7953 /* BusinessSearch.swift */; };
		3D441BD22823202600CD7953 /* Constants.swift in Sources */ = {isa = PBXBuildFile; fileRef = 3D441BD12823202600CD7953 /* Constants.swift */; };
		3D441BD72823361600CD7953 /* HomeView.swift in Sources */ = {isa = PBXBuildFile; fileRef = 3D441BD62823361600CD7953 /* HomeView.swift */; };
		3D8C19282824AFE2005429E9 /* BusinessList.swift in Sources */ = {isa = PBXBuildFile; fileRef = 3D8C19272824AFE2005429E9 /* BusinessList.swift */; };
		3D8C192A2824B17A005429E9 /* BusinessSectionHeader.swift in Sources */ = {isa = PBXBuildFile; fileRef = 3D8C19292824B17A005429E9 /* BusinessSectionHeader.swift */; };
		3D8C192C2824B295005429E9 /* BusinessSection.swift in Sources */ = {isa = PBXBuildFile; fileRef = 3D8C192B2824B295005429E9 /* BusinessSection.swift */; };
		3D8C192E2824DBF8005429E9 /* BusinessRow.swift in Sources */ = {isa = PBXBuildFile; fileRef = 3D8C192D2824DBF8005429E9 /* BusinessRow.swift */; };
		3D8E31D92825B1330026E7F3 /* BusinessMap.swift in Sources */ = {isa = PBXBuildFile; fileRef = 3D8E31D82825B1330026E7F3 /* BusinessMap.swift */; };
		3DEA9E2028256E6A009E884C /* BusinessDetail.swift in Sources */ = {isa = PBXBuildFile; fileRef = 3DEA9E1F28256E6A009E884C /* BusinessDetail.swift */; };
		3DF2635F2821CF7600EAB675 /* CitySightsApp.swift in Sources */ = {isa = PBXBuildFile; fileRef = 3DF2635E2821CF7600EAB675 /* CitySightsApp.swift */; };
		3DF263612821CF7600EAB675 /* LaunchView.swift in Sources */ = {isa = PBXBuildFile; fileRef = 3DF263602821CF7600EAB675 /* LaunchView.swift */; };
		3DF263632821CF7800EAB675 /* Assets.xcassets in Resources */ = {isa = PBXBuildFile; fileRef = 3DF263622821CF7800EAB675 /* Assets.xcassets */; };
		3DF263662821CF7800EAB675 /* Preview Assets.xcassets in Resources */ = {isa = PBXBuildFile; fileRef = 3DF263652821CF7800EAB675 /* Preview Assets.xcassets */; };
		3DF263702821CF7800EAB675 /* City_SightsTests.swift in Sources */ = {isa = PBXBuildFile; fileRef = 3DF2636F2821CF7800EAB675 /* City_SightsTests.swift */; };
		3DF2637A2821CF7800EAB675 /* City_SightsUITests.swift in Sources */ = {isa = PBXBuildFile; fileRef = 3DF263792821CF7800EAB675 /* City_SightsUITests.swift */; };
		3DF2637C2821CF7800EAB675 /* City_SightsUITestsLaunchTests.swift in Sources */ = {isa = PBXBuildFile; fileRef = 3DF2637B2821CF7800EAB675 /* City_SightsUITestsLaunchTests.swift */; };
		3DF2638C2821D20500EAB675 /* ContentModel.swift in Sources */ = {isa = PBXBuildFile; fileRef = 3DF2638B2821D20500EAB675 /* ContentModel.swift */; };
		3DF2638E2822BA9400EAB675 /* Business.swift in Sources */ = {isa = PBXBuildFile; fileRef = 3DF2638D2822BA9400EAB675 /* Business.swift */; };
/* End PBXBuildFile section */

/* Begin PBXContainerItemProxy section */
		3DF2636C2821CF7800EAB675 /* PBXContainerItemProxy */ = {
			isa = PBXContainerItemProxy;
			containerPortal = 3DF263532821CF7600EAB675 /* Project object */;
			proxyType = 1;
			remoteGlobalIDString = 3DF2635A2821CF7600EAB675;
			remoteInfo = "City Sights";
		};
		3DF263762821CF7800EAB675 /* PBXContainerItemProxy */ = {
			isa = PBXContainerItemProxy;
			containerPortal = 3DF263532821CF7600EAB675 /* Project object */;
			proxyType = 1;
			remoteGlobalIDString = 3DF2635A2821CF7600EAB675;
			remoteInfo = "City Sights";
		};
/* End PBXContainerItemProxy section */

/* Begin PBXFileReference section */
		3D441BCE28231C7C00CD7953 /* BusinessSearch.swift */ = {isa = PBXFileReference; lastKnownFileType = sourcecode.swift; path = BusinessSearch.swift; sourceTree = "<group>"; };
		3D441BD12823202600CD7953 /* Constants.swift */ = {isa = PBXFileReference; lastKnownFileType = sourcecode.swift; path = Constants.swift; sourceTree = "<group>"; };
		3D441BD62823361600CD7953 /* HomeView.swift */ = {isa = PBXFileReference; lastKnownFileType = sourcecode.swift; path = HomeView.swift; sourceTree = "<group>"; };
		3D8C19272824AFE2005429E9 /* BusinessList.swift */ = {isa = PBXFileReference; lastKnownFileType = sourcecode.swift; path = BusinessList.swift; sourceTree = "<group>"; };
		3D8C19292824B17A005429E9 /* BusinessSectionHeader.swift */ = {isa = PBXFileReference; lastKnownFileType = sourcecode.swift; path = BusinessSectionHeader.swift; sourceTree = "<group>"; };
		3D8C192B2824B295005429E9 /* BusinessSection.swift */ = {isa = PBXFileReference; lastKnownFileType = sourcecode.swift; path = BusinessSection.swift; sourceTree = "<group>"; };
		3D8C192D2824DBF8005429E9 /* BusinessRow.swift */ = {isa = PBXFileReference; lastKnownFileType = sourcecode.swift; path = BusinessRow.swift; sourceTree = "<group>"; };
		3D8E31D82825B1330026E7F3 /* BusinessMap.swift */ = {isa = PBXFileReference; lastKnownFileType = sourcecode.swift; path = BusinessMap.swift; sourceTree = "<group>"; };
		3DEA9E1F28256E6A009E884C /* BusinessDetail.swift */ = {isa = PBXFileReference; lastKnownFileType = sourcecode.swift; path = BusinessDetail.swift; sourceTree = "<group>"; };
		3DF2635B2821CF7600EAB675 /* City Sights.app */ = {isa = PBXFileReference; explicitFileType = wrapper.application; includeInIndex = 0; path = "City Sights.app"; sourceTree = BUILT_PRODUCTS_DIR; };
		3DF2635E2821CF7600EAB675 /* CitySightsApp.swift */ = {isa = PBXFileReference; lastKnownFileType = sourcecode.swift; path = CitySightsApp.swift; sourceTree = "<group>"; };
		3DF263602821CF7600EAB675 /* LaunchView.swift */ = {isa = PBXFileReference; lastKnownFileType = sourcecode.swift; path = LaunchView.swift; sourceTree = "<group>"; };
		3DF263622821CF7800EAB675 /* Assets.xcassets */ = {isa = PBXFileReference; lastKnownFileType = folder.assetcatalog; path = Assets.xcassets; sourceTree = "<group>"; };
		3DF263652821CF7800EAB675 /* Preview Assets.xcassets */ = {isa = PBXFileReference; lastKnownFileType = folder.assetcatalog; path = "Preview Assets.xcassets"; sourceTree = "<group>"; };
		3DF2636B2821CF7800EAB675 /* City SightsTests.xctest */ = {isa = PBXFileReference; explicitFileType = wrapper.cfbundle; includeInIndex = 0; path = "City SightsTests.xctest"; sourceTree = BUILT_PRODUCTS_DIR; };
		3DF2636F2821CF7800EAB675 /* City_SightsTests.swift */ = {isa = PBXFileReference; lastKnownFileType = sourcecode.swift; path = City_SightsTests.swift; sourceTree = "<group>"; };
		3DF263752821CF7800EAB675 /* City SightsUITests.xctest */ = {isa = PBXFileReference; explicitFileType = wrapper.cfbundle; includeInIndex = 0; path = "City SightsUITests.xctest"; sourceTree = BUILT_PRODUCTS_DIR; };
		3DF263792821CF7800EAB675 /* City_SightsUITests.swift */ = {isa = PBXFileReference; lastKnownFileType = sourcecode.swift; path = City_SightsUITests.swift; sourceTree = "<group>"; };
		3DF2637B2821CF7800EAB675 /* City_SightsUITestsLaunchTests.swift */ = {isa = PBXFileReference; lastKnownFileType = sourcecode.swift; path = City_SightsUITestsLaunchTests.swift; sourceTree = "<group>"; };
		3DF2638B2821D20500EAB675 /* ContentModel.swift */ = {isa = PBXFileReference; lastKnownFileType = sourcecode.swift; path = ContentModel.swift; sourceTree = "<group>"; };
		3DF2638D2822BA9400EAB675 /* Business.swift */ = {isa = PBXFileReference; lastKnownFileType = sourcecode.swift; path = Business.swift; sourceTree = "<group>"; };
/* End PBXFileReference section */

/* Begin PBXFrameworksBuildPhase section */
		3DF263582821CF7600EAB675 /* Frameworks */ = {
			isa = PBXFrameworksBuildPhase;
			buildActionMask = 2147483647;
			files = (
			);
			runOnlyForDeploymentPostprocessing = 0;
		};
		3DF263682821CF7800EAB675 /* Frameworks */ = {
			isa = PBXFrameworksBuildPhase;
			buildActionMask = 2147483647;
			files = (
			);
			runOnlyForDeploymentPostprocessing = 0;
		};
		3DF263722821CF7800EAB675 /* Frameworks */ = {
			isa = PBXFrameworksBuildPhase;
			buildActionMask = 2147483647;
			files = (
			);
			runOnlyForDeploymentPostprocessing = 0;
		};
/* End PBXFrameworksBuildPhase section */

/* Begin PBXGroup section */
		3D441BD02823201800CD7953 /* Helpers */ = {
			isa = PBXGroup;
			children = (
				3D441BD12823202600CD7953 /* Constants.swift */,
			);
			path = Helpers;
			sourceTree = "<group>";
		};
		3D441BD3282335F600CD7953 /* Home */ = {
			isa = PBXGroup;
			children = (
				3D441BD62823361600CD7953 /* HomeView.swift */,
				3DEA9E1E28256E5A009E884C /* Detail */,
				3D8E31D72825B1110026E7F3 /* Map */,
				3D8C19262824AFBF005429E9 /* List */,
			);
			path = Home;
			sourceTree = "<group>";
		};
		3D441BD4282335FB00CD7953 /* Denied */ = {
			isa = PBXGroup;
			children = (
			);
			path = Denied;
			sourceTree = "<group>";
		};
		3D441BD52823360300CD7953 /* Onboarding */ = {
			isa = PBXGroup;
			children = (
			);
			path = Onboarding;
			sourceTree = "<group>";
		};
		3D8C19262824AFBF005429E9 /* List */ = {
			isa = PBXGroup;
			children = (
				3D8C19272824AFE2005429E9 /* BusinessList.swift */,
				3D8C19292824B17A005429E9 /* BusinessSectionHeader.swift */,
				3D8C192B2824B295005429E9 /* BusinessSection.swift */,
				3D8C192D2824DBF8005429E9 /* BusinessRow.swift */,
			);
			path = List;
			sourceTree = "<group>";
		};
		3D8E31D72825B1110026E7F3 /* Map */ = {
			isa = PBXGroup;
			children = (
				3D8E31D82825B1330026E7F3 /* BusinessMap.swift */,
			);
			path = Map;
			sourceTree = "<group>";
		};
		3DEA9E1E28256E5A009E884C /* Detail */ = {
			isa = PBXGroup;
			children = (
				3DEA9E1F28256E6A009E884C /* BusinessDetail.swift */,
			);
			path = Detail;
			sourceTree = "<group>";
		};
		3DF263522821CF7600EAB675 = {
			isa = PBXGroup;
			children = (
				3DF2635D2821CF7600EAB675 /* City Sights */,
				3DF2636E2821CF7800EAB675 /* City SightsTests */,
				3DF263782821CF7800EAB675 /* City SightsUITests */,
				3DF2635C2821CF7600EAB675 /* Products */,
			);
			sourceTree = "<group>";
		};
		3DF2635C2821CF7600EAB675 /* Products */ = {
			isa = PBXGroup;
			children = (
				3DF2635B2821CF7600EAB675 /* City Sights.app */,
				3DF2636B2821CF7800EAB675 /* City SightsTests.xctest */,
				3DF263752821CF7800EAB675 /* City SightsUITests.xctest */,
			);
			name = Products;
			sourceTree = "<group>";
		};
		3DF2635D2821CF7600EAB675 /* City Sights */ = {
			isa = PBXGroup;
			children = (
				3DF2635E2821CF7600EAB675 /* CitySightsApp.swift */,
				3D441BD02823201800CD7953 /* Helpers */,
				3DF263882821CFEA00EAB675 /* Models */,
				3DF2638A2821CFF600EAB675 /* ViewModels */,
				3DF263892821CFF000EAB675 /* Views */,
				3DF263622821CF7800EAB675 /* Assets.xcassets */,
				3DF263642821CF7800EAB675 /* Preview Content */,
			);
			path = "City Sights";
			sourceTree = "<group>";
		};
		3DF263642821CF7800EAB675 /* Preview Content */ = {
			isa = PBXGroup;
			children = (
				3DF263652821CF7800EAB675 /* Preview Assets.xcassets */,
			);
			path = "Preview Content";
			sourceTree = "<group>";
		};
		3DF2636E2821CF7800EAB675 /* City SightsTests */ = {
			isa = PBXGroup;
			children = (
				3DF2636F2821CF7800EAB675 /* City_SightsTests.swift */,
			);
			path = "City SightsTests";
			sourceTree = "<group>";
		};
		3DF263782821CF7800EAB675 /* City SightsUITests */ = {
			isa = PBXGroup;
			children = (
				3DF263792821CF7800EAB675 /* City_SightsUITests.swift */,
				3DF2637B2821CF7800EAB675 /* City_SightsUITestsLaunchTests.swift */,
			);
			path = "City SightsUITests";
			sourceTree = "<group>";
		};
		3DF263882821CFEA00EAB675 /* Models */ = {
			isa = PBXGroup;
			children = (
				3DF2638D2822BA9400EAB675 /* Business.swift */,
				3D441BCE28231C7C00CD7953 /* BusinessSearch.swift */,
			);
			path = Models;
			sourceTree = "<group>";
		};
		3DF263892821CFF000EAB675 /* Views */ = {
			isa = PBXGroup;
			children = (
				3DF263602821CF7600EAB675 /* LaunchView.swift */,
				3D441BD52823360300CD7953 /* Onboarding */,
				3D441BD4282335FB00CD7953 /* Denied */,
				3D441BD3282335F600CD7953 /* Home */,
			);
			path = Views;
			sourceTree = "<group>";
		};
		3DF2638A2821CFF600EAB675 /* ViewModels */ = {
			isa = PBXGroup;
			children = (
				3DF2638B2821D20500EAB675 /* ContentModel.swift */,
			);
			path = ViewModels;
			sourceTree = "<group>";
		};
/* End PBXGroup section */

/* Begin PBXNativeTarget section */
		3DF2635A2821CF7600EAB675 /* City Sights */ = {
			isa = PBXNativeTarget;
			buildConfigurationList = 3DF2637F2821CF7800EAB675 /* Build configuration list for PBXNativeTarget "City Sights" */;
			buildPhases = (
				3DF263572821CF7600EAB675 /* Sources */,
				3DF263582821CF7600EAB675 /* Frameworks */,
				3DF263592821CF7600EAB675 /* Resources */,
			);
			buildRules = (
			);
			dependencies = (
			);
			name = "City Sights";
			productName = "City Sights";
			productReference = 3DF2635B2821CF7600EAB675 /* City Sights.app */;
			productType = "com.apple.product-type.application";
		};
		3DF2636A2821CF7800EAB675 /* City SightsTests */ = {
			isa = PBXNativeTarget;
			buildConfigurationList = 3DF263822821CF7800EAB675 /* Build configuration list for PBXNativeTarget "City SightsTests" */;
			buildPhases = (
				3DF263672821CF7800EAB675 /* Sources */,
				3DF263682821CF7800EAB675 /* Frameworks */,
				3DF263692821CF7800EAB675 /* Resources */,
			);
			buildRules = (
			);
			dependencies = (
				3DF2636D2821CF7800EAB675 /* PBXTargetDependency */,
			);
			name = "City SightsTests";
			productName = "City SightsTests";
			productReference = 3DF2636B2821CF7800EAB675 /* City SightsTests.xctest */;
			productType = "com.apple.product-type.bundle.unit-test";
		};
		3DF263742821CF7800EAB675 /* City SightsUITests */ = {
			isa = PBXNativeTarget;
			buildConfigurationList = 3DF263852821CF7800EAB675 /* Build configuration list for PBXNativeTarget "City SightsUITests" */;
			buildPhases = (
				3DF263712821CF7800EAB675 /* Sources */,
				3DF263722821CF7800EAB675 /* Frameworks */,
				3DF263732821CF7800EAB675 /* Resources */,
			);
			buildRules = (
			);
			dependencies = (
				3DF263772821CF7800EAB675 /* PBXTargetDependency */,
			);
			name = "City SightsUITests";
			productName = "City SightsUITests";
			productReference = 3DF263752821CF7800EAB675 /* City SightsUITests.xctest */;
			productType = "com.apple.product-type.bundle.ui-testing";
		};
/* End PBXNativeTarget section */

/* Begin PBXProject section */
		3DF263532821CF7600EAB675 /* Project object */ = {
			isa = PBXProject;
			attributes = {
				BuildIndependentTargetsInParallel = 1;
				LastSwiftUpdateCheck = 1330;
				LastUpgradeCheck = 1330;
				TargetAttributes = {
					3DF2635A2821CF7600EAB675 = {
						CreatedOnToolsVersion = 13.3.1;
					};
					3DF2636A2821CF7800EAB675 = {
						CreatedOnToolsVersion = 13.3.1;
						TestTargetID = 3DF2635A2821CF7600EAB675;
					};
					3DF263742821CF7800EAB675 = {
						CreatedOnToolsVersion = 13.3.1;
						TestTargetID = 3DF2635A2821CF7600EAB675;
					};
				};
			};
			buildConfigurationList = 3DF263562821CF7600EAB675 /* Build configuration list for PBXProject "City Sights" */;
			compatibilityVersion = "Xcode 13.0";
			developmentRegion = en;
			hasScannedForEncodings = 0;
			knownRegions = (
				en,
				Base,
			);
			mainGroup = 3DF263522821CF7600EAB675;
			productRefGroup = 3DF2635C2821CF7600EAB675 /* Products */;
			projectDirPath = "";
			projectRoot = "";
			targets = (
				3DF2635A2821CF7600EAB675 /* City Sights */,
				3DF2636A2821CF7800EAB675 /* City SightsTests */,
				3DF263742821CF7800EAB675 /* City SightsUITests */,
			);
		};
/* End PBXProject section */

/* Begin PBXResourcesBuildPhase section */
		3DF263592821CF7600EAB675 /* Resources */ = {
			isa = PBXResourcesBuildPhase;
			buildActionMask = 2147483647;
			files = (
				3DF263662821CF7800EAB675 /* Preview Assets.xcassets in Resources */,
				3DF263632821CF7800EAB675 /* Assets.xcassets in Resources */,
			);
			runOnlyForDeploymentPostprocessing = 0;
		};
		3DF263692821CF7800EAB675 /* Resources */ = {
			isa = PBXResourcesBuildPhase;
			buildActionMask = 2147483647;
			files = (
			);
			runOnlyForDeploymentPostprocessing = 0;
		};
		3DF263732821CF7800EAB675 /* Resources */ = {
			isa = PBXResourcesBuildPhase;
			buildActionMask = 2147483647;
			files = (
			);
			runOnlyForDeploymentPostprocessing = 0;
		};
/* End PBXResourcesBuildPhase section */

/* Begin PBXSourcesBuildPhase section */
		3DF263572821CF7600EAB675 /* Sources */ = {
			isa = PBXSourcesBuildPhase;
			buildActionMask = 2147483647;
			files = (
				3DF263612821CF7600EAB675 /* LaunchView.swift in Sources */,
				3D8C192E2824DBF8005429E9 /* BusinessRow.swift in Sources */,
				3D441BD72823361600CD7953 /* HomeView.swift in Sources */,
				3DF2638E2822BA9400EAB675 /* Business.swift in Sources */,
				3D8C192A2824B17A005429E9 /* BusinessSectionHeader.swift in Sources */,
				3DF2635F2821CF7600EAB675 /* CitySightsApp.swift in Sources */,
				3DEA9E2028256E6A009E884C /* BusinessDetail.swift in Sources */,
				3D441BCF28231C7C00CD7953 /* BusinessSearch.swift in Sources */,
				3D8C19282824AFE2005429E9 /* BusinessList.swift in Sources */,
				3D8E31D92825B1330026E7F3 /* BusinessMap.swift in Sources */,
				3D8C192C2824B295005429E9 /* BusinessSection.swift in Sources */,
				3DF2638C2821D20500EAB675 /* ContentModel.swift in Sources */,
				3D441BD22823202600CD7953 /* Constants.swift in Sources */,
			);
			runOnlyForDeploymentPostprocessing = 0;
		};
		3DF263672821CF7800EAB675 /* Sources */ = {
			isa = PBXSourcesBuildPhase;
			buildActionMask = 2147483647;
			files = (
				3DF263702821CF7800EAB675 /* City_SightsTests.swift in Sources */,
			);
			runOnlyForDeploymentPostprocessing = 0;
		};
		3DF263712821CF7800EAB675 /* Sources */ = {
			isa = PBXSourcesBuildPhase;
			buildActionMask = 2147483647;
			files = (
				3DF2637A2821CF7800EAB675 /* City_SightsUITests.swift in Sources */,
				3DF2637C2821CF7800EAB675 /* City_SightsUITestsLaunchTests.swift in Sources */,
			);
			runOnlyForDeploymentPostprocessing = 0;
		};
/* End PBXSourcesBuildPhase section */

/* Begin PBXTargetDependency section */
		3DF2636D2821CF7800EAB675 /* PBXTargetDependency */ = {
			isa = PBXTargetDependency;
			target = 3DF2635A2821CF7600EAB675 /* City Sights */;
			targetProxy = 3DF2636C2821CF7800EAB675 /* PBXContainerItemProxy */;
		};
		3DF263772821CF7800EAB675 /* PBXTargetDependency */ = {
			isa = PBXTargetDependency;
			target = 3DF2635A2821CF7600EAB675 /* City Sights */;
			targetProxy = 3DF263762821CF7800EAB675 /* PBXContainerItemProxy */;
		};
/* End PBXTargetDependency section */

/* Begin XCBuildConfiguration section */
		3DF2637D2821CF7800EAB675 /* Debug */ = {
			isa = XCBuildConfiguration;
			buildSettings = {
				ALWAYS_SEARCH_USER_PATHS = NO;
				CLANG_ANALYZER_NONNULL = YES;
				CLANG_ANALYZER_NUMBER_OBJECT_CONVERSION = YES_AGGRESSIVE;
				CLANG_CXX_LANGUAGE_STANDARD = "gnu++17";
				CLANG_ENABLE_MODULES = YES;
				CLANG_ENABLE_OBJC_ARC = YES;
				CLANG_ENABLE_OBJC_WEAK = YES;
				CLANG_WARN_BLOCK_CAPTURE_AUTORELEASING = YES;
				CLANG_WARN_BOOL_CONVERSION = YES;
				CLANG_WARN_COMMA = YES;
				CLANG_WARN_CONSTANT_CONVERSION = YES;
				CLANG_WARN_DEPRECATED_OBJC_IMPLEMENTATIONS = YES;
				CLANG_WARN_DIRECT_OBJC_ISA_USAGE = YES_ERROR;
				CLANG_WARN_DOCUMENTATION_COMMENTS = YES;
				CLANG_WARN_EMPTY_BODY = YES;
				CLANG_WARN_ENUM_CONVERSION = YES;
				CLANG_WARN_INFINITE_RECURSION = YES;
				CLANG_WARN_INT_CONVERSION = YES;
				CLANG_WARN_NON_LITERAL_NULL_CONVERSION = YES;
				CLANG_WARN_OBJC_IMPLICIT_RETAIN_SELF = YES;
				CLANG_WARN_OBJC_LITERAL_CONVERSION = YES;
				CLANG_WARN_OBJC_ROOT_CLASS = YES_ERROR;
				CLANG_WARN_QUOTED_INCLUDE_IN_FRAMEWORK_HEADER = YES;
				CLANG_WARN_RANGE_LOOP_ANALYSIS = YES;
				CLANG_WARN_STRICT_PROTOTYPES = YES;
				CLANG_WARN_SUSPICIOUS_MOVE = YES;
				CLANG_WARN_UNGUARDED_AVAILABILITY = YES_AGGRESSIVE;
				CLANG_WARN_UNREACHABLE_CODE = YES;
				CLANG_WARN__DUPLICATE_METHOD_MATCH = YES;
				COPY_PHASE_STRIP = NO;
				DEBUG_INFORMATION_FORMAT = dwarf;
				ENABLE_STRICT_OBJC_MSGSEND = YES;
				ENABLE_TESTABILITY = YES;
				GCC_C_LANGUAGE_STANDARD = gnu11;
				GCC_DYNAMIC_NO_PIC = NO;
				GCC_NO_COMMON_BLOCKS = YES;
				GCC_OPTIMIZATION_LEVEL = 0;
				GCC_PREPROCESSOR_DEFINITIONS = (
					"DEBUG=1",
					"$(inherited)",
				);
				GCC_WARN_64_TO_32_BIT_CONVERSION = YES;
				GCC_WARN_ABOUT_RETURN_TYPE = YES_ERROR;
				GCC_WARN_UNDECLARED_SELECTOR = YES;
				GCC_WARN_UNINITIALIZED_AUTOS = YES_AGGRESSIVE;
				GCC_WARN_UNUSED_FUNCTION = YES;
				GCC_WARN_UNUSED_VARIABLE = YES;
				IPHONEOS_DEPLOYMENT_TARGET = 15.4;
				MTL_ENABLE_DEBUG_INFO = INCLUDE_SOURCE;
				MTL_FAST_MATH = YES;
				ONLY_ACTIVE_ARCH = YES;
				SDKROOT = iphoneos;
				SWIFT_ACTIVE_COMPILATION_CONDITIONS = DEBUG;
				SWIFT_OPTIMIZATION_LEVEL = "-Onone";
			};
			name = Debug;
		};
		3DF2637E2821CF7800EAB675 /* Release */ = {
			isa = XCBuildConfiguration;
			buildSettings = {
				ALWAYS_SEARCH_USER_PATHS = NO;
				CLANG_ANALYZER_NONNULL = YES;
				CLANG_ANALYZER_NUMBER_OBJECT_CONVERSION = YES_AGGRESSIVE;
				CLANG_CXX_LANGUAGE_STANDARD = "gnu++17";
				CLANG_ENABLE_MODULES = YES;
				CLANG_ENABLE_OBJC_ARC = YES;
				CLANG_ENABLE_OBJC_WEAK = YES;
				CLANG_WARN_BLOCK_CAPTURE_AUTORELEASING = YES;
				CLANG_WARN_BOOL_CONVERSION = YES;
				CLANG_WARN_COMMA = YES;
				CLANG_WARN_CONSTANT_CONVERSION = YES;
				CLANG_WARN_DEPRECATED_OBJC_IMPLEMENTATIONS = YES;
				CLANG_WARN_DIRECT_OBJC_ISA_USAGE = YES_ERROR;
				CLANG_WARN_DOCUMENTATION_COMMENTS = YES;
				CLANG_WARN_EMPTY_BODY = YES;
				CLANG_WARN_ENUM_CONVERSION = YES;
				CLANG_WARN_INFINITE_RECURSION = YES;
				CLANG_WARN_INT_CONVERSION = YES;
				CLANG_WARN_NON_LITERAL_NULL_CONVERSION = YES;
				CLANG_WARN_OBJC_IMPLICIT_RETAIN_SELF = YES;
				CLANG_WARN_OBJC_LITERAL_CONVERSION = YES;
				CLANG_WARN_OBJC_ROOT_CLASS = YES_ERROR;
				CLANG_WARN_QUOTED_INCLUDE_IN_FRAMEWORK_HEADER = YES;
				CLANG_WARN_RANGE_LOOP_ANALYSIS = YES;
				CLANG_WARN_STRICT_PROTOTYPES = YES;
				CLANG_WARN_SUSPICIOUS_MOVE = YES;
				CLANG_WARN_UNGUARDED_AVAILABILITY = YES_AGGRESSIVE;
				CLANG_WARN_UNREACHABLE_CODE = YES;
				CLANG_WARN__DUPLICATE_METHOD_MATCH = YES;
				COPY_PHASE_STRIP = NO;
				DEBUG_INFORMATION_FORMAT = "dwarf-with-dsym";
				ENABLE_NS_ASSERTIONS = NO;
				ENABLE_STRICT_OBJC_MSGSEND = YES;
				GCC_C_LANGUAGE_STANDARD = gnu11;
				GCC_NO_COMMON_BLOCKS = YES;
				GCC_WARN_64_TO_32_BIT_CONVERSION = YES;
				GCC_WARN_ABOUT_RETURN_TYPE = YES_ERROR;
				GCC_WARN_UNDECLARED_SELECTOR = YES;
				GCC_WARN_UNINITIALIZED_AUTOS = YES_AGGRESSIVE;
				GCC_WARN_UNUSED_FUNCTION = YES;
				GCC_WARN_UNUSED_VARIABLE = YES;
				IPHONEOS_DEPLOYMENT_TARGET = 15.4;
				MTL_ENABLE_DEBUG_INFO = NO;
				MTL_FAST_MATH = YES;
				SDKROOT = iphoneos;
				SWIFT_COMPILATION_MODE = wholemodule;
				SWIFT_OPTIMIZATION_LEVEL = "-O";
				VALIDATE_PRODUCT = YES;
			};
			name = Release;
		};
		3DF263802821CF7800EAB675 /* Debug */ = {
			isa = XCBuildConfiguration;
			buildSettings = {
				ASSETCATALOG_COMPILER_APPICON_NAME = AppIcon;
				ASSETCATALOG_COMPILER_GLOBAL_ACCENT_COLOR_NAME = AccentColor;
				CODE_SIGN_STYLE = Automatic;
				CURRENT_PROJECT_VERSION = 1;
				DEVELOPMENT_ASSET_PATHS = "\"City Sights/Preview Content\"";
				DEVELOPMENT_TEAM = 565T396J3V;
				ENABLE_PREVIEWS = YES;
				GENERATE_INFOPLIST_FILE = YES;
				INFOPLIST_KEY_NSLocationWhenInUseUsageDescription = "";
				INFOPLIST_KEY_UIApplicationSceneManifest_Generation = YES;
				INFOPLIST_KEY_UIApplicationSupportsIndirectInputEvents = YES;
				INFOPLIST_KEY_UILaunchScreen_Generation = YES;
				INFOPLIST_KEY_UISupportedInterfaceOrientations_iPad = "UIInterfaceOrientationPortrait UIInterfaceOrientationPortraitUpsideDown UIInterfaceOrientationLandscapeLeft UIInterfaceOrientationLandscapeRight";
				INFOPLIST_KEY_UISupportedInterfaceOrientations_iPhone = "UIInterfaceOrientationPortrait UIInterfaceOrientationLandscapeLeft UIInterfaceOrientationLandscapeRight";
				LD_RUNPATH_SEARCH_PATHS = (
					"$(inherited)",
					"@executable_path/Frameworks",
				);
				MARKETING_VERSION = 1.0;
				PRODUCT_BUNDLE_IDENTIFIER = "dev.lyndipc.City-Sights";
				PRODUCT_NAME = "$(TARGET_NAME)";
				SWIFT_EMIT_LOC_STRINGS = YES;
				SWIFT_VERSION = 5.0;
				TARGETED_DEVICE_FAMILY = "1,2";
			};
			name = Debug;
		};
		3DF263812821CF7800EAB675 /* Release */ = {
			isa = XCBuildConfiguration;
			buildSettings = {
				ASSETCATALOG_COMPILER_APPICON_NAME = AppIcon;
				ASSETCATALOG_COMPILER_GLOBAL_ACCENT_COLOR_NAME = AccentColor;
				CODE_SIGN_STYLE = Automatic;
				CURRENT_PROJECT_VERSION = 1;
				DEVELOPMENT_ASSET_PATHS = "\"City Sights/Preview Content\"";
				DEVELOPMENT_TEAM = 565T396J3V;
				ENABLE_PREVIEWS = YES;
				GENERATE_INFOPLIST_FILE = YES;
				INFOPLIST_KEY_NSLocationWhenInUseUsageDescription = "";
				INFOPLIST_KEY_UIApplicationSceneManifest_Generation = YES;
				INFOPLIST_KEY_UIApplicationSupportsIndirectInputEvents = YES;
				INFOPLIST_KEY_UILaunchScreen_Generation = YES;
				INFOPLIST_KEY_UISupportedInterfaceOrientations_iPad = "UIInterfaceOrientationPortrait UIInterfaceOrientationPortraitUpsideDown UIInterfaceOrientationLandscapeLeft UIInterfaceOrientationLandscapeRight";
				INFOPLIST_KEY_UISupportedInterfaceOrientations_iPhone = "UIInterfaceOrientationPortrait UIInterfaceOrientationLandscapeLeft UIInterfaceOrientationLandscapeRight";
				LD_RUNPATH_SEARCH_PATHS = (
					"$(inherited)",
					"@executable_path/Frameworks",
				);
				MARKETING_VERSION = 1.0;
				PRODUCT_BUNDLE_IDENTIFIER = "dev.lyndipc.City-Sights";
				PRODUCT_NAME = "$(TARGET_NAME)";
				SWIFT_EMIT_LOC_STRINGS = YES;
				SWIFT_VERSION = 5.0;
				TARGETED_DEVICE_FAMILY = "1,2";
			};
			name = Release;
		};
		3DF263832821CF7800EAB675 /* Debug */ = {
			isa = XCBuildConfiguration;
			buildSettings = {
				ALWAYS_EMBED_SWIFT_STANDARD_LIBRARIES = YES;
				BUNDLE_LOADER = "$(TEST_HOST)";
				CODE_SIGN_STYLE = Automatic;
				CURRENT_PROJECT_VERSION = 1;
				DEVELOPMENT_TEAM = 565T396J3V;
				GENERATE_INFOPLIST_FILE = YES;
				IPHONEOS_DEPLOYMENT_TARGET = 15.4;
				MARKETING_VERSION = 1.0;
				PRODUCT_BUNDLE_IDENTIFIER = "dev.lyndipc.City-SightsTests";
				PRODUCT_NAME = "$(TARGET_NAME)";
				SWIFT_EMIT_LOC_STRINGS = NO;
				SWIFT_VERSION = 5.0;
				TARGETED_DEVICE_FAMILY = "1,2";
				TEST_HOST = "$(BUILT_PRODUCTS_DIR)/City Sights.app/City Sights";
			};
			name = Debug;
		};
		3DF263842821CF7800EAB675 /* Release */ = {
			isa = XCBuildConfiguration;
			buildSettings = {
				ALWAYS_EMBED_SWIFT_STANDARD_LIBRARIES = YES;
				BUNDLE_LOADER = "$(TEST_HOST)";
				CODE_SIGN_STYLE = Automatic;
				CURRENT_PROJECT_VERSION = 1;
				DEVELOPMENT_TEAM = 565T396J3V;
				GENERATE_INFOPLIST_FILE = YES;
				IPHONEOS_DEPLOYMENT_TARGET = 15.4;
				MARKETING_VERSION = 1.0;
				PRODUCT_BUNDLE_IDENTIFIER = "dev.lyndipc.City-SightsTests";
				PRODUCT_NAME = "$(TARGET_NAME)";
				SWIFT_EMIT_LOC_STRINGS = NO;
				SWIFT_VERSION = 5.0;
				TARGETED_DEVICE_FAMILY = "1,2";
				TEST_HOST = "$(BUILT_PRODUCTS_DIR)/City Sights.app/City Sights";
			};
			name = Release;
		};
		3DF263862821CF7800EAB675 /* Debug */ = {
			isa = XCBuildConfiguration;
			buildSettings = {
				ALWAYS_EMBED_SWIFT_STANDARD_LIBRARIES = YES;
				CODE_SIGN_STYLE = Automatic;
				CURRENT_PROJECT_VERSION = 1;
				DEVELOPMENT_TEAM = 565T396J3V;
				GENERATE_INFOPLIST_FILE = YES;
				MARKETING_VERSION = 1.0;
				PRODUCT_BUNDLE_IDENTIFIER = "dev.lyndipc.City-SightsUITests";
				PRODUCT_NAME = "$(TARGET_NAME)";
				SWIFT_EMIT_LOC_STRINGS = NO;
				SWIFT_VERSION = 5.0;
				TARGETED_DEVICE_FAMILY = "1,2";
				TEST_TARGET_NAME = "City Sights";
			};
			name = Debug;
		};
		3DF263872821CF7800EAB675 /* Release */ = {
			isa = XCBuildConfiguration;
			buildSettings = {
				ALWAYS_EMBED_SWIFT_STANDARD_LIBRARIES = YES;
				CODE_SIGN_STYLE = Automatic;
				CURRENT_PROJECT_VERSION = 1;
				DEVELOPMENT_TEAM = 565T396J3V;
				GENERATE_INFOPLIST_FILE = YES;
				MARKETING_VERSION = 1.0;
				PRODUCT_BUNDLE_IDENTIFIER = "dev.lyndipc.City-SightsUITests";
				PRODUCT_NAME = "$(TARGET_NAME)";
				SWIFT_EMIT_LOC_STRINGS = NO;
				SWIFT_VERSION = 5.0;
				TARGETED_DEVICE_FAMILY = "1,2";
				TEST_TARGET_NAME = "City Sights";
			};
			name = Release;
		};
/* End XCBuildConfiguration section */

/* Begin XCConfigurationList section */
		3DF263562821CF7600EAB675 /* Build configuration list for PBXProject "City Sights" */ = {
			isa = XCConfigurationList;
			buildConfigurations = (
				3DF2637D2821CF7800EAB675 /* Debug */,
				3DF2637E2821CF7800EAB675 /* Release */,
			);
			defaultConfigurationIsVisible = 0;
			defaultConfigurationName = Release;
		};
		3DF2637F2821CF7800EAB675 /* Build configuration list for PBXNativeTarget "City Sights" */ = {
			isa = XCConfigurationList;
			buildConfigurations = (
				3DF263802821CF7800EAB675 /* Debug */,
				3DF263812821CF7800EAB675 /* Release */,
			);
			defaultConfigurationIsVisible = 0;
			defaultConfigurationName = Release;
		};
		3DF263822821CF7800EAB675 /* Build configuration list for PBXNativeTarget "City SightsTests" */ = {
			isa = XCConfigurationList;
			buildConfigurations = (
				3DF263832821CF7800EAB675 /* Debug */,
				3DF263842821CF7800EAB675 /* Release */,
			);
			defaultConfigurationIsVisible = 0;
			defaultConfigurationName = Release;
		};
		3DF263852821CF7800EAB675 /* Build configuration list for PBXNativeTarget "City SightsUITests" */ = {
			isa = XCConfigurationList;
			buildConfigurations = (
				3DF263862821CF7800EAB675 /* Debug */,
				3DF263872821CF7800EAB675 /* Release */,
			);
			defaultConfigurationIsVisible = 0;
			defaultConfigurationName = Release;
		};
/* End XCConfigurationList section */
	};
	rootObject = 3DF263532821CF7600EAB675 /* Project object */;
}
